
Microsoft Visual Studio Solution File, Format Version 12.00
# Visual Studio Version 16
VisualStudioVersion = 16.0.31613.86
MinimumVisualStudioVersion = 10.0.40219.1
Project("{9A19103F-16F7-4668-BE54-9A1E7A4F7556}") = "Task_1_1", "Task_1_1\Task_1_1.csproj", "{61740297-E482-473A-83E2-5AC8A4AAEF54}"
EndProject
Project("{9A19103F-16F7-4668-BE54-9A1E7A4F7556}") = "Task_1_2", "Task_1_2\Task_1_2.csproj", "{AA4EB0B8-374F-479A-B1C7-DED49E3B0EBE}"
EndProject
Project("{9A19103F-16F7-4668-BE54-9A1E7A4F7556}") = "Task_1_3", "Task_1_3\Task_1_3.csproj", "{3A09146D-B48D-4021-A9C4-A489DA528372}"
EndProject
Project("{FAE04EC0-301F-11D3-BF4B-00C04F79EFBC}") = "Task_2_4", "Task_2_4\Task_2_4.csproj", "{0C92A3E7-097C-438A-86F1-44714ADCB623}"
EndProject
Global
	GlobalSection(SolutionConfigurationPlatforms) = preSolution
		Debug|Any CPU = Debug|Any CPU
		Release|Any CPU = Release|Any CPU
	EndGlobalSection
	GlobalSection(ProjectConfigurationPlatforms) = postSolution
		{61740297-E482-473A-83E2-5AC8A4AAEF54}.Debug|Any CPU.ActiveCfg = Debug|Any CPU
		{61740297-E482-473A-83E2-5AC8A4AAEF54}.Debug|Any CPU.Build.0 = Debug|Any CPU
		{61740297-E482-473A-83E2-5AC8A4AAEF54}.Release|Any CPU.ActiveCfg = Release|Any CPU
		{61740297-E482-473A-83E2-5AC8A4AAEF54}.Release|Any CPU.Build.0 = Release|Any CPU
		{AA4EB0B8-374F-479A-B1C7-DED49E3B0EBE}.Debug|Any CPU.ActiveCfg = Debug|Any CPU
		{AA4EB0B8-374F-479A-B1C7-DED49E3B0EBE}.Debug|Any CPU.Build.0 = Debug|Any CPU
		{AA4EB0B8-374F-479A-B1C7-DED49E3B0EBE}.Release|Any CPU.ActiveCfg = Release|Any CPU
		{AA4EB0B8-374F-479A-B1C7-DED49E3B0EBE}.Release|Any CPU.Build.0 = Release|Any CPU
		{3A09146D-B48D-4021-A9C4-A489DA528372}.Debug|Any CPU.ActiveCfg = Debug|Any CPU
		{3A09146D-B48D-4021-A9C4-A489DA528372}.Debug|Any CPU.Build.0 = Debug|Any CPU
		{3A09146D-B48D-4021-A9C4-A489DA528372}.Release|Any CPU.ActiveCfg = Release|Any CPU
		{3A09146D-B48D-4021-A9C4-A489DA528372}.Release|Any CPU.Build.0 = Release|Any CPU
		{0C92A3E7-097C-438A-86F1-44714ADCB623}.Debug|Any CPU.ActiveCfg = Debug|Any CPU
		{0C92A3E7-097C-438A-86F1-44714ADCB623}.Debug|Any CPU.Build.0 = Debug|Any CPU
		{0C92A3E7-097C-438A-86F1-44714ADCB623}.Release|Any CPU.ActiveCfg = Release|Any CPU
		{0C92A3E7-097C-438A-86F1-44714ADCB623}.Release|Any CPU.Build.0 = Release|Any CPU
	EndGlobalSection
	GlobalSection(SolutionProperties) = preSolution
		HideSolutionNode = FALSE
	EndGlobalSection
	GlobalSection(ExtensibilityGlobals) = postSolution
		SolutionGuid = {D3FE7EE6-05A5-457B-830A-CEDD47C4D006}
	EndGlobalSection
EndGlobal
