
Microsoft Visual Studio Solution File, Format Version 12.00
# Visual Studio Version 16
VisualStudioVersion = 16.0.31613.86
MinimumVisualStudioVersion = 10.0.40219.1
Project("{9A19103F-16F7-4668-BE54-9A1E7A4F7556}") = "Task1", "Task1\Task1.csproj", "{85F546F8-B5FE-48D6-89B4-5FEBA9B1AED5}"
EndProject
Project("{9A19103F-16F7-4668-BE54-9A1E7A4F7556}") = "Task2", "Task2\Task2.csproj", "{4EA00600-5070-4206-A3F3-D6B83D5D068B}"
EndProject
Project("{9A19103F-16F7-4668-BE54-9A1E7A4F7556}") = "Task3", "Task3\Task3.csproj", "{F27B95A6-510D-4EAB-9232-15B4DB198246}"
EndProject
Project("{9A19103F-16F7-4668-BE54-9A1E7A4F7556}") = "Task4_Additional", "Task4\Task4_Additional.csproj", "{F50EE5E3-85A0-4638-99C4-F19E2975ECB4}"
EndProject
Global
	GlobalSection(SolutionConfigurationPlatforms) = preSolution
		Debug|Any CPU = Debug|Any CPU
		Release|Any CPU = Release|Any CPU
	EndGlobalSection
	GlobalSection(ProjectConfigurationPlatforms) = postSolution
		{85F546F8-B5FE-48D6-89B4-5FEBA9B1AED5}.Debug|Any CPU.ActiveCfg = Debug|Any CPU
		{85F546F8-B5FE-48D6-89B4-5FEBA9B1AED5}.Debug|Any CPU.Build.0 = Debug|Any CPU
		{85F546F8-B5FE-48D6-89B4-5FEBA9B1AED5}.Release|Any CPU.ActiveCfg = Release|Any CPU
		{85F546F8-B5FE-48D6-89B4-5FEBA9B1AED5}.Release|Any CPU.Build.0 = Release|Any CPU
		{4EA00600-5070-4206-A3F3-D6B83D5D068B}.Debug|Any CPU.ActiveCfg = Debug|Any CPU
		{4EA00600-5070-4206-A3F3-D6B83D5D068B}.Debug|Any CPU.Build.0 = Debug|Any CPU
		{4EA00600-5070-4206-A3F3-D6B83D5D068B}.Release|Any CPU.ActiveCfg = Release|Any CPU
		{4EA00600-5070-4206-A3F3-D6B83D5D068B}.Release|Any CPU.Build.0 = Release|Any CPU
		{F27B95A6-510D-4EAB-9232-15B4DB198246}.Debug|Any CPU.ActiveCfg = Debug|Any CPU
		{F27B95A6-510D-4EAB-9232-15B4DB198246}.Debug|Any CPU.Build.0 = Debug|Any CPU
		{F27B95A6-510D-4EAB-9232-15B4DB198246}.Release|Any CPU.ActiveCfg = Release|Any CPU
		{F27B95A6-510D-4EAB-9232-15B4DB198246}.Release|Any CPU.Build.0 = Release|Any CPU
		{F50EE5E3-85A0-4638-99C4-F19E2975ECB4}.Debug|Any CPU.ActiveCfg = Debug|Any CPU
		{F50EE5E3-85A0-4638-99C4-F19E2975ECB4}.Debug|Any CPU.Build.0 = Debug|Any CPU
		{F50EE5E3-85A0-4638-99C4-F19E2975ECB4}.Release|Any CPU.ActiveCfg = Release|Any CPU
		{F50EE5E3-85A0-4638-99C4-F19E2975ECB4}.Release|Any CPU.Build.0 = Release|Any CPU
	EndGlobalSection
	GlobalSection(SolutionProperties) = preSolution
		HideSolutionNode = FALSE
	EndGlobalSection
	GlobalSection(ExtensibilityGlobals) = postSolution
		SolutionGuid = {1BF53E44-8028-4C2C-AE46-4B10EA815C2E}
	EndGlobalSection
EndGlobal
